<Solution>
  <Folder Name="/src/">
    <Project Path="src/VisionAssets.Agent/VisionAssets.Agent.csproj" />
    <Project Path="src/VisionAssets.Persistence/VisionAssets.Persistence.csproj" />
    <Project Path="src/VisionAssets.Inventory/VisionAssets.Inventory.csproj" />
    <Project Path="src/VisionAssets.Sync/VisionAssets.Sync.csproj" />
  </Folder>
  <Folder Name="/installer/">
    <Project Path="installer/VisionAssets.Installer/VisionAssets.Installer.wixproj" />
  </Folder>
</Solution>
